
Microsoft Visual Studio Solution File, Format Version 12.00
# Visual Studio Version 17
VisualStudioVersion = 17.13.35931.197
MinimumVisualStudioVersion = 10.0.40219.1
Project("{FAE04EC0-301F-11D3-BF4B-00C04F79EFBC}") = "mesdoc.Api", "Mesdoc\mesdoc.Api.csproj", "{DB01FABB-6ADA-4D60-9635-413188B5971E}"
EndProject
Project("{FAE04EC0-301F-11D3-BF4B-00C04F79EFBC}") = "mesdoc.Application", "Application\mesdoc.Application.csproj", "{D5E45F81-8936-416D-A4C2-F2121EE87681}"
EndProject
Project("{FAE04EC0-301F-11D3-BF4B-00C04F79EFBC}") = "mesdoc.Domain", "mesdoc.Domaine\mesdoc.Domain.csproj", "{CFC0CE17-8911-4565-995A-899D00F4AE84}"
EndProject
Project("{FAE04EC0-301F-11D3-BF4B-00C04F79EFBC}") = "mesdoc.Infrastructure", "mesdoc.Infrastructure\mesdoc.Infrastructure.csproj", "{D3B23691-CB3A-482B-A466-4DE89EB9A6BF}"
EndProject
Project("{FAE04EC0-301F-11D3-BF4B-00C04F79EFBC}") = "mesdoc.Common", "mesdoc.Common\mesdoc.Common.csproj", "{17CBD831-5E6E-44B2-806C-62DC4417C2C3}"
EndProject
Global
	GlobalSection(SolutionConfigurationPlatforms) = preSolution
		Debug|Any CPU = Debug|Any CPU
		Release|Any CPU = Release|Any CPU
	EndGlobalSection
	GlobalSection(ProjectConfigurationPlatforms) = postSolution
		{DB01FABB-6ADA-4D60-9635-413188B5971E}.Debug|Any CPU.ActiveCfg = Debug|Any CPU
		{DB01FABB-6ADA-4D60-9635-413188B5971E}.Debug|Any CPU.Build.0 = Debug|Any CPU
		{DB01FABB-6ADA-4D60-9635-413188B5971E}.Release|Any CPU.ActiveCfg = Release|Any CPU
		{DB01FABB-6ADA-4D60-9635-413188B5971E}.Release|Any CPU.Build.0 = Release|Any CPU
		{D5E45F81-8936-416D-A4C2-F2121EE87681}.Debug|Any CPU.ActiveCfg = Debug|Any CPU
		{D5E45F81-8936-416D-A4C2-F2121EE87681}.Debug|Any CPU.Build.0 = Debug|Any CPU
		{D5E45F81-8936-416D-A4C2-F2121EE87681}.Release|Any CPU.ActiveCfg = Release|Any CPU
		{D5E45F81-8936-416D-A4C2-F2121EE87681}.Release|Any CPU.Build.0 = Release|Any CPU
		{CFC0CE17-8911-4565-995A-899D00F4AE84}.Debug|Any CPU.ActiveCfg = Debug|Any CPU
		{CFC0CE17-8911-4565-995A-899D00F4AE84}.Debug|Any CPU.Build.0 = Debug|Any CPU
		{CFC0CE17-8911-4565-995A-899D00F4AE84}.Release|Any CPU.ActiveCfg = Release|Any CPU
		{CFC0CE17-8911-4565-995A-899D00F4AE84}.Release|Any CPU.Build.0 = Release|Any CPU
		{D3B23691-CB3A-482B-A466-4DE89EB9A6BF}.Debug|Any CPU.ActiveCfg = Debug|Any CPU
		{D3B23691-CB3A-482B-A466-4DE89EB9A6BF}.Debug|Any CPU.Build.0 = Debug|Any CPU
		{D3B23691-CB3A-482B-A466-4DE89EB9A6BF}.Release|Any CPU.ActiveCfg = Release|Any CPU
		{D3B23691-CB3A-482B-A466-4DE89EB9A6BF}.Release|Any CPU.Build.0 = Release|Any CPU
		{17CBD831-5E6E-44B2-806C-62DC4417C2C3}.Debug|Any CPU.ActiveCfg = Debug|Any CPU
		{17CBD831-5E6E-44B2-806C-62DC4417C2C3}.Debug|Any CPU.Build.0 = Debug|Any CPU
		{17CBD831-5E6E-44B2-806C-62DC4417C2C3}.Release|Any CPU.ActiveCfg = Release|Any CPU
		{17CBD831-5E6E-44B2-806C-62DC4417C2C3}.Release|Any CPU.Build.0 = Release|Any CPU
	EndGlobalSection
	GlobalSection(SolutionProperties) = preSolution
		HideSolutionNode = FALSE
	EndGlobalSection
	GlobalSection(ExtensibilityGlobals) = postSolution
		SolutionGuid = {318B812F-1C0A-469B-AA37-382CD2EEBF1C}
	EndGlobalSection
EndGlobal
